
Microsoft Visual Studio Solution File, Format Version 12.00
# Visual Studio Version 16
VisualStudioVersion = 16.0.30611.23
MinimumVisualStudioVersion = 10.0.40219.1
Project("{FAE04EC0-301F-11D3-BF4B-00C04F79EFBC}") = "Estudo_RazorPages", "Estudo_RazorPages\Estudo_RazorPages.csproj", "{B15135E1-EDAB-4E82-B03F-B43AD33B3AFF}"
EndProject
Global
	GlobalSection(SolutionConfigurationPlatforms) = preSolution
		Debug|Any CPU = Debug|Any CPU
		Release|Any CPU = Release|Any CPU
	EndGlobalSection
	GlobalSection(ProjectConfigurationPlatforms) = postSolution
		{B15135E1-EDAB-4E82-B03F-B43AD33B3AFF}.Debug|Any CPU.ActiveCfg = Debug|Any CPU
		{B15135E1-EDAB-4E82-B03F-B43AD33B3AFF}.Debug|Any CPU.Build.0 = Debug|Any CPU
		{B15135E1-EDAB-4E82-B03F-B43AD33B3AFF}.Release|Any CPU.ActiveCfg = Release|Any CPU
		{B15135E1-EDAB-4E82-B03F-B43AD33B3AFF}.Release|Any CPU.Build.0 = Release|Any CPU
	EndGlobalSection
	GlobalSection(SolutionProperties) = preSolution
		HideSolutionNode = FALSE
	EndGlobalSection
	GlobalSection(ExtensibilityGlobals) = postSolution
		SolutionGuid = {29C63DC8-71A4-4CC3-B70E-58CDA1FD13F4}
	EndGlobalSection
EndGlobal
